
Microsoft Visual Studio Solution File, Format Version 12.00
Project("{FAE04EC0-301F-11D3-BF4B-00C04F79EFBC}") = "Converter", "Converter\Converter.csproj", "{4604F8F0-4B69-4E82-BABA-BD062D6B455A}"
EndProject
Project("{FAE04EC0-301F-11D3-BF4B-00C04F79EFBC}") = "Converter.Tests", "Converter.Tests\Converter.Tests.csproj", "{4A8E7FCD-2688-4E31-B3F1-1A6ECEA39B99}"
EndProject
Global
	GlobalSection(SolutionConfigurationPlatforms) = preSolution
		Debug|Any CPU = Debug|Any CPU
		Release|Any CPU = Release|Any CPU
	EndGlobalSection
	GlobalSection(ProjectConfigurationPlatforms) = postSolution
		{4604F8F0-4B69-4E82-BABA-BD062D6B455A}.Debug|Any CPU.ActiveCfg = Debug|Any CPU
		{4604F8F0-4B69-4E82-BABA-BD062D6B455A}.Debug|Any CPU.Build.0 = Debug|Any CPU
		{4604F8F0-4B69-4E82-BABA-BD062D6B455A}.Release|Any CPU.ActiveCfg = Release|Any CPU
		{4604F8F0-4B69-4E82-BABA-BD062D6B455A}.Release|Any CPU.Build.0 = Release|Any CPU
		{4A8E7FCD-2688-4E31-B3F1-1A6ECEA39B99}.Debug|Any CPU.ActiveCfg = Debug|Any CPU
		{4A8E7FCD-2688-4E31-B3F1-1A6ECEA39B99}.Debug|Any CPU.Build.0 = Debug|Any CPU
		{4A8E7FCD-2688-4E31-B3F1-1A6ECEA39B99}.Release|Any CPU.ActiveCfg = Release|Any CPU
		{4A8E7FCD-2688-4E31-B3F1-1A6ECEA39B99}.Release|Any CPU.Build.0 = Release|Any CPU
	EndGlobalSection
EndGlobal
